
Microsoft Visual Studio Solution File, Format Version 12.00
# Visual Studio Version 17
VisualStudioVersion = 17.7.34024.191
MinimumVisualStudioVersion = 10.0.40219.1
Project("{FAE04EC0-301F-11D3-BF4B-00C04F79EFBC}") = "22DH110144_NguyenVietAnh", "22DH110144_NguyenVietAnh\22DH110144_NguyenVietAnh.csproj", "{EF1A3D4F-BE3D-4AFF-82D4-9E6625D3B036}"
EndProject
Global
	GlobalSection(SolutionConfigurationPlatforms) = preSolution
		Debug|Any CPU = Debug|Any CPU
		Release|Any CPU = Release|Any CPU
	EndGlobalSection
	GlobalSection(ProjectConfigurationPlatforms) = postSolution
		{EF1A3D4F-BE3D-4AFF-82D4-9E6625D3B036}.Debug|Any CPU.ActiveCfg = Debug|Any CPU
		{EF1A3D4F-BE3D-4AFF-82D4-9E6625D3B036}.Debug|Any CPU.Build.0 = Debug|Any CPU
		{EF1A3D4F-BE3D-4AFF-82D4-9E6625D3B036}.Release|Any CPU.ActiveCfg = Release|Any CPU
		{EF1A3D4F-BE3D-4AFF-82D4-9E6625D3B036}.Release|Any CPU.Build.0 = Release|Any CPU
	EndGlobalSection
	GlobalSection(SolutionProperties) = preSolution
		HideSolutionNode = FALSE
	EndGlobalSection
	GlobalSection(ExtensibilityGlobals) = postSolution
		SolutionGuid = {6D088663-50A4-46EB-BF4C-91F607B2BF79}
	EndGlobalSection
EndGlobal
