
Microsoft Visual Studio Solution File, Format Version 12.00
# Visual Studio Version 17
VisualStudioVersion = 17.7.34221.43
MinimumVisualStudioVersion = 10.0.40219.1
Project("{FAE04EC0-301F-11D3-BF4B-00C04F79EFBC}") = "22DH110144_NguyenVietAnh", "22DH110144_NguyenVietAnh\22DH110144_NguyenVietAnh.csproj", "{B94EECE0-8074-4315-89E4-82251FDC1A15}"
EndProject
Global
	GlobalSection(SolutionConfigurationPlatforms) = preSolution
		Debug|Any CPU = Debug|Any CPU
		Release|Any CPU = Release|Any CPU
	EndGlobalSection
	GlobalSection(ProjectConfigurationPlatforms) = postSolution
		{B94EECE0-8074-4315-89E4-82251FDC1A15}.Debug|Any CPU.ActiveCfg = Debug|Any CPU
		{B94EECE0-8074-4315-89E4-82251FDC1A15}.Debug|Any CPU.Build.0 = Debug|Any CPU
		{B94EECE0-8074-4315-89E4-82251FDC1A15}.Release|Any CPU.ActiveCfg = Release|Any CPU
		{B94EECE0-8074-4315-89E4-82251FDC1A15}.Release|Any CPU.Build.0 = Release|Any CPU
	EndGlobalSection
	GlobalSection(SolutionProperties) = preSolution
		HideSolutionNode = FALSE
	EndGlobalSection
	GlobalSection(ExtensibilityGlobals) = postSolution
		SolutionGuid = {C26C65CC-B226-43BB-BEE2-B57C6B77CFEC}
	EndGlobalSection
EndGlobal
