
Microsoft Visual Studio Solution File, Format Version 12.00
# Visual Studio Version 17
VisualStudioVersion = 17.7.34024.191
MinimumVisualStudioVersion = 10.0.40219.1
Project("{FAE04EC0-301F-11D3-BF4B-00C04F79EFBC}") = "22DH110144_NguyenVietAnh", "22DH110144_NguyenVietAnh\22DH110144_NguyenVietAnh.csproj", "{9643ADAB-C856-4298-B998-73078CD4F20A}"
EndProject
Global
	GlobalSection(SolutionConfigurationPlatforms) = preSolution
		Debug|Any CPU = Debug|Any CPU
		Release|Any CPU = Release|Any CPU
	EndGlobalSection
	GlobalSection(ProjectConfigurationPlatforms) = postSolution
		{9643ADAB-C856-4298-B998-73078CD4F20A}.Debug|Any CPU.ActiveCfg = Debug|Any CPU
		{9643ADAB-C856-4298-B998-73078CD4F20A}.Debug|Any CPU.Build.0 = Debug|Any CPU
		{9643ADAB-C856-4298-B998-73078CD4F20A}.Release|Any CPU.ActiveCfg = Release|Any CPU
		{9643ADAB-C856-4298-B998-73078CD4F20A}.Release|Any CPU.Build.0 = Release|Any CPU
	EndGlobalSection
	GlobalSection(SolutionProperties) = preSolution
		HideSolutionNode = FALSE
	EndGlobalSection
	GlobalSection(ExtensibilityGlobals) = postSolution
		SolutionGuid = {8DA3E600-0D38-4C04-9C77-4D127483A00A}
	EndGlobalSection
EndGlobal
